
Microsoft Visual Studio Solution File, Format Version 12.00
# Visual Studio 15
VisualStudioVersion = 15.0.28307.705
MinimumVisualStudioVersion = 10.0.40219.1
Project("{FAE04EC0-301F-11D3-BF4B-00C04F79EFBC}") = "ConsoleApp", "ConsoleApp\ConsoleApp.csproj", "{0A4E68A3-07F5-4B32-8B71-63E2F394B8C4}"
EndProject
Project("{FAE04EC0-301F-11D3-BF4B-00C04F79EFBC}") = "WindowsFormsApp1", "WindowsFormsApp1\WindowsFormsApp1.csproj", "{3FB768AE-C3E9-4A4D-8A35-6C702B5EAF09}"
EndProject
Global
	GlobalSection(SolutionConfigurationPlatforms) = preSolution
		Debug|Any CPU = Debug|Any CPU
		Release|Any CPU = Release|Any CPU
	EndGlobalSection
	GlobalSection(ProjectConfigurationPlatforms) = postSolution
		{0A4E68A3-07F5-4B32-8B71-63E2F394B8C4}.Debug|Any CPU.ActiveCfg = Debug|Any CPU
		{0A4E68A3-07F5-4B32-8B71-63E2F394B8C4}.Debug|Any CPU.Build.0 = Debug|Any CPU
		{0A4E68A3-07F5-4B32-8B71-63E2F394B8C4}.Release|Any CPU.ActiveCfg = Release|Any CPU
		{0A4E68A3-07F5-4B32-8B71-63E2F394B8C4}.Release|Any CPU.Build.0 = Release|Any CPU
		{3FB768AE-C3E9-4A4D-8A35-6C702B5EAF09}.Debug|Any CPU.ActiveCfg = Debug|Any CPU
		{3FB768AE-C3E9-4A4D-8A35-6C702B5EAF09}.Debug|Any CPU.Build.0 = Debug|Any CPU
		{3FB768AE-C3E9-4A4D-8A35-6C702B5EAF09}.Release|Any CPU.ActiveCfg = Release|Any CPU
		{3FB768AE-C3E9-4A4D-8A35-6C702B5EAF09}.Release|Any CPU.Build.0 = Release|Any CPU
	EndGlobalSection
	GlobalSection(SolutionProperties) = preSolution
		HideSolutionNode = FALSE
	EndGlobalSection
	GlobalSection(ExtensibilityGlobals) = postSolution
		SolutionGuid = {A57B052D-D2F6-402D-BA75-8AAE94FBFEDA}
	EndGlobalSection
EndGlobal
